
Microsoft Visual Studio Solution File, Format Version 12.00
# Visual Studio Version 16
VisualStudioVersion = 16.0.29009.5
MinimumVisualStudioVersion = 10.0.40219.1
Project("{FAE04EC0-301F-11D3-BF4B-00C04F79EFBC}") = "AgpWps.Client", "AgpWps.Client\AgpWps.Client.csproj", "{E4E4B991-C9DB-4B78-A061-262F23BDE399}"
EndProject
Project("{9A19103F-16F7-4668-BE54-9A1E7A4F7556}") = "AgpWps.Model", "AgpWps.Model\AgpWps.Model.csproj", "{EC8D2524-7926-4D58-865F-8BCAD2CD1144}"
EndProject
Global
	GlobalSection(SolutionConfigurationPlatforms) = preSolution
		Debug|Any CPU = Debug|Any CPU
		Release|Any CPU = Release|Any CPU
	EndGlobalSection
	GlobalSection(ProjectConfigurationPlatforms) = postSolution
		{E4E4B991-C9DB-4B78-A061-262F23BDE399}.Debug|Any CPU.ActiveCfg = Debug|Any CPU
		{E4E4B991-C9DB-4B78-A061-262F23BDE399}.Debug|Any CPU.Build.0 = Debug|Any CPU
		{E4E4B991-C9DB-4B78-A061-262F23BDE399}.Release|Any CPU.ActiveCfg = Release|Any CPU
		{E4E4B991-C9DB-4B78-A061-262F23BDE399}.Release|Any CPU.Build.0 = Release|Any CPU
		{EC8D2524-7926-4D58-865F-8BCAD2CD1144}.Debug|Any CPU.ActiveCfg = Debug|Any CPU
		{EC8D2524-7926-4D58-865F-8BCAD2CD1144}.Debug|Any CPU.Build.0 = Debug|Any CPU
		{EC8D2524-7926-4D58-865F-8BCAD2CD1144}.Release|Any CPU.ActiveCfg = Release|Any CPU
		{EC8D2524-7926-4D58-865F-8BCAD2CD1144}.Release|Any CPU.Build.0 = Release|Any CPU
	EndGlobalSection
	GlobalSection(SolutionProperties) = preSolution
		HideSolutionNode = FALSE
	EndGlobalSection
	GlobalSection(ExtensibilityGlobals) = postSolution
		SolutionGuid = {60E6B327-925A-49A0-888F-AE83D06C2135}
	EndGlobalSection
EndGlobal
